github.com/nicokaiser/hugo-theme-gallery/v4 v4.1.12 h1:sgLTa150CC4XwSKmPXp9lrlzaiquZFCnnE6NU9+ee2s=
github.com/nicokaiser/hugo-theme-gallery/v4 v4.1.12/go.mod h1:oVtY67dE9NbaJw9jM4G5moHAcgT/UXxdcIQhs52KPoU=
gopkg.in/gographics/imagick.v3 v3.7.0 h1:w8iQa58ikuqjX4l2OVML3pgqFcDMD8ywXJ9/cXa33fk=
gopkg.in/gographics/imagick.v3 v3.7.0/go.mod h1:+Q9nyA2xRZXrDyTtJ/eko+8V/5E7bWYs08ndkZp8UmA=
